// !$*UTF8*$!
{
	archiveVersion = 1;
	classes = {
	};
	objectVersion = 46;
	objects = {

/* Begin PBXBuildFile section */
		1D6B50C319B8AFA9003C2699 /* Foundation.framework in Frameworks */ = {isa = PBXBuildFile; fileRef = 1D6B50C219B8AFA9003C2699 /* Foundation.framework */; };
		1D6B50C519B8AFA9003C2699 /* CoreGraphics.framework in Frameworks */ = {isa = PBXBuildFile; fileRef = 1D6B50C419B8AFA9003C2699 /* CoreGraphics.framework */; };
		1D6B50C719B8AFA9003C2699 /* UIKit.framework in Frameworks */ = {isa = PBXBuildFile; fileRef = 1D6B50C619B8AFA9003C2699 /* UIKit.framework */; };
		1D6B50CD19B8AFA9003C2699 /* InfoPlist.strings in Resources */ = {isa = PBXBuildFile; fileRef = 1D6B50CB19B8AFA9003C2699 /* InfoPlist.strings */; };
		1D6B50CF19B8AFA9003C2699 /* main.m in Sources */ = {isa = PBXBuildFile; fileRef = 1D6B50CE19B8AFA9003C2699 /* main.m */; };
		1D6B50D319B8AFA9003C2699 /* AppDelegate.m in Sources */ = {isa = PBXBuildFile; fileRef = 1D6B50D219B8AFA9003C2699 /* AppDelegate.m */; };
		1D6B50D519B8AFA9003C2699 /* Images.xcassets in Resources */ = {isa = PBXBuildFile; fileRef = 1D6B50D419B8AFA9003C2699 /* Images.xcassets */; };
		1D6B50DC19B8AFA9003C2699 /* XCTest.framework in Frameworks */ = {isa = PBXBuildFile; fileRef = 1D6B50DB19B8AFA9003C2699 /* XCTest.framework */; };
		1D6B50DD19B8AFA9003C2699 /* Foundation.framework in Frameworks */ = {isa = PBXBuildFile; fileRef = 1D6B50C219B8AFA9003C2699 /* Foundation.framework */; };
		1D6B50DE19B8AFA9003C2699 /* UIKit.framework in Frameworks */ = {isa = PBXBuildFile; fileRef = 1D6B50C619B8AFA9003C2699 /* UIKit.framework */; };
		1D6B50E619B8AFA9003C2699 /* InfoPlist.strings in Resources */ = {isa = PBXBuildFile; fileRef = 1D6B50E419B8AFA9003C2699 /* InfoPlist.strings */; };
		1D6B50E819B8AFA9003C2699 /* BarcodeScannerTestTests.m in Sources */ = {isa = PBXBuildFile; fileRef = 1D6B50E719B8AFA9003C2699 /* BarcodeScannerTestTests.m */; };
		1D6B50F319B8AFB5003C2699 /* RootViewController.m in Sources */ = {isa = PBXBuildFile; fileRef = 1D6B50F219B8AFB4003C2699 /* RootViewController.m */; };
		1D6B50F519B8B007003C2699 /* AVFoundation.framework in Frameworks */ = {isa = PBXBuildFile; fileRef = 1D6B50F419B8B007003C2699 /* AVFoundation.framework */; };
/* End PBXBuildFile section */

/* Begin PBXContainerItemProxy section */
		1D6B50DF19B8AFA9003C2699 /* PBXContainerItemProxy */ = {
			isa = PBXContainerItemProxy;
			containerPortal = 1D6B50B719B8AFA9003C2699 /* Project object */;
			proxyType = 1;
			remoteGlobalIDString = 1D6B50BE19B8AFA9003C2699;
			remoteInfo = BarcodeScannerTest;
		};
/* End PBXContainerItemProxy section */

/* Begin PBXFileReference section */
		1D6B50BF19B8AFA9003C2699 /* BarcodeScannerTest.app */ = {isa = PBXFileReference; explicitFileType = wrapper.application; includeInIndex = 0; path = BarcodeScannerTest.app; sourceTree = BUILT_PRODUCTS_DIR; };
		1D6B50C219B8AFA9003C2699 /* Foundation.framework */ = {isa = PBXFileReference; lastKnownFileType = wrapper.framework; name = Foundation.framework; path = System/Library/Frameworks/Foundation.framework; sourceTree = SDKROOT; };
		1D6B50C419B8AFA9003C2699 /* CoreGraphics.framework */ = {isa = PBXFileReference; lastKnownFileType = wrapper.framework; name = CoreGraphics.framework; path = System/Library/Frameworks/CoreGraphics.framework; sourceTree = SDKROOT; };
		1D6B50C619B8AFA9003C2699 /* UIKit.framework */ = {isa = PBXFileReference; lastKnownFileType = wrapper.framework; name = UIKit.framework; path = System/Library/Frameworks/UIKit.framework; sourceTree = SDKROOT; };
		1D6B50CA19B8AFA9003C2699 /* BarcodeScannerTest-Info.plist */ = {isa = PBXFileReference; lastKnownFileType = text.plist.xml; path = "BarcodeScannerTest-Info.plist"; sourceTree = "<group>"; };
		1D6B50CC19B8AFA9003C2699 /* en */ = {isa = PBXFileReference; lastKnownFileType = text.plist.strings; name = en; path = en.lproj/InfoPlist.strings; sourceTree = "<group>"; };
		1D6B50CE19B8AFA9003C2699 /* main.m */ = {isa = PBXFileReference; lastKnownFileType = sourcecode.c.objc; path = main.m; sourceTree = "<group>"; };
		1D6B50D019B8AFA9003C2699 /* BarcodeScannerTest-Prefix.pch */ = {isa = PBXFileReference; lastKnownFileType = sourcecode.c.h; path = "BarcodeScannerTest-Prefix.pch"; sourceTree = "<group>"; };
		1D6B50D119B8AFA9003C2699 /* AppDelegate.h */ = {isa = PBXFileReference; lastKnownFileType = sourcecode.c.h; path = AppDelegate.h; sourceTree = "<group>"; };
		1D6B50D219B8AFA9003C2699 /* AppDelegate.m */ = {isa = PBXFileReference; lastKnownFileType = sourcecode.c.objc; path = AppDelegate.m; sourceTree = "<group>"; };
		1D6B50D419B8AFA9003C2699 /* Images.xcassets */ = {isa = PBXFileReference; lastKnownFileType = folder.assetcatalog; path = Images.xcassets; sourceTree = "<group>"; };
		1D6B50DA19B8AFA9003C2699 /* BarcodeScannerTestTests.xctest */ = {isa = PBXFileReference; explicitFileType = wrapper.cfbundle; includeInIndex = 0; path = BarcodeScannerTestTests.xctest; sourceTree = BUILT_PRODUCTS_DIR; };
		1D6B50DB19B8AFA9003C2699 /* XCTest.framework */ = {isa = PBXFileReference; lastKnownFileType = wrapper.framework; name = XCTest.framework; path = Library/Frameworks/XCTest.framework; sourceTree = DEVELOPER_DIR; };
		1D6B50E319B8AFA9003C2699 /* BarcodeScannerTestTests-Info.plist */ = {isa = PBXFileReference; lastKnownFileType = text.plist.xml; path = "BarcodeScannerTestTests-Info.plist"; sourceTree = "<group>"; };
		1D6B50E519B8AFA9003C2699 /* en */ = {isa = PBXFileReference; lastKnownFileType = text.plist.strings; name = en; path = en.lproj/InfoPlist.strings; sourceTree = "<group>"; };
		1D6B50E719B8AFA9003C2699 /* BarcodeScannerTestTests.m */ = {isa = PBXFileReference; lastKnownFileType = sourcecode.c.objc; path = BarcodeScannerTestTests.m; sourceTree = "<group>"; };
		1D6B50F119B8AFB4003C2699 /* RootViewController.h */ = {isa = PBXFileReference; fileEncoding = 4; lastKnownFileType = sourcecode.c.h; path = RootViewController.h; sourceTree = "<group>"; };
		1D6B50F219B8AFB4003C2699 /* RootViewController.m */ = {isa = PBXFileReference; fileEncoding = 4; lastKnownFileType = sourcecode.c.objc; path = RootViewController.m; sourceTree = "<group>"; };
		1D6B50F419B8B007003C2699 /* AVFoundation.framework */ = {isa = PBXFileReference; lastKnownFileType = wrapper.framework; name = AVFoundation.framework; path = System/Library/Frameworks/AVFoundation.framework; sourceTree = SDKROOT; };
/* End PBXFileReference section */

/* Begin PBXFrameworksBuildPhase section */
		1D6B50BC19B8AFA9003C2699 /* Frameworks */ = {
			isa = PBXFrameworksBuildPhase;
			buildActionMask = 2147483647;
			files = (
				1D6B50F519B8B007003C2699 /* AVFoundation.framework in Frameworks */,
				1D6B50C519B8AFA9003C2699 /* CoreGraphics.framework in Frameworks */,
				1D6B50C719B8AFA9003C2699 /* UIKit.framework in Frameworks */,
				1D6B50C319B8AFA9003C2699 /* Foundation.framework in Frameworks */,
			);
			runOnlyForDeploymentPostprocessing = 0;
		};
		1D6B50D719B8AFA9003C2699 /* Frameworks */ = {
			isa = PBXFrameworksBuildPhase;
			buildActionMask = 2147483647;
			files = (
				1D6B50DC19B8AFA9003C2699 /* XCTest.framework in Frameworks */,
				1D6B50DE19B8AFA9003C2699 /* UIKit.framework in Frameworks */,
				1D6B50DD19B8AFA9003C2699 /* Foundation.framework in Frameworks */,
			);
			runOnlyForDeploymentPostprocessing = 0;
		};
/* End PBXFrameworksBuildPhase section */

/* Begin PBXGroup section */
		1D6B50B619B8AFA9003C2699 = {
			isa = PBXGroup;
			children = (
				1D6B50C819B8AFA9003C2699 /* BarcodeScannerTest */,
				1D6B50E119B8AFA9003C2699 /* BarcodeScannerTestTests */,
				1D6B50C119B8AFA9003C2699 /* Frameworks */,
				1D6B50C019B8AFA9003C2699 /* Products */,
			);
			sourceTree = "<group>";
		};
		1D6B50C019B8AFA9003C2699 /* Products */ = {
			isa = PBXGroup;
			children = (
				1D6B50BF19B8AFA9003C2699 /* BarcodeScannerTest.app */,
				1D6B50DA19B8AFA9003C2699 /* BarcodeScannerTestTests.xctest */,
			);
			name = Products;
			sourceTree = "<group>";
		};
		1D6B50C119B8AFA9003C2699 /* Frameworks */ = {
			isa = PBXGroup;
			children = (
				1D6B50F419B8B007003C2699 /* AVFoundation.framework */,
				1D6B50C219B8AFA9003C2699 /* Foundation.framework */,
				1D6B50C419B8AFA9003C2699 /* CoreGraphics.framework */,
				1D6B50C619B8AFA9003C2699 /* UIKit.framework */,
				1D6B50DB19B8AFA9003C2699 /* XCTest.framework */,
			);
			name = Frameworks;
			sourceTree = "<group>";
		};
		1D6B50C819B8AFA9003C2699 /* BarcodeScannerTest */ = {
			isa = PBXGroup;
			children = (
				1D6B50D119B8AFA9003C2699 /* AppDelegate.h */,
				1D6B50D219B8AFA9003C2699 /* AppDelegate.m */,
				1D6B50F119B8AFB4003C2699 /* RootViewController.h */,
				1D6B50F219B8AFB4003C2699 /* RootViewController.m */,
				1D6B50D419B8AFA9003C2699 /* Images.xcassets */,
				1D6B50C919B8AFA9003C2699 /* Supporting Files */,
			);
			path = BarcodeScannerTest;
			sourceTree = "<group>";
		};
		1D6B50C919B8AFA9003C2699 /* Supporting Files */ = {
			isa = PBXGroup;
			children = (
				1D6B50CA19B8AFA9003C2699 /* BarcodeScannerTest-Info.plist */,
				1D6B50CB19B8AFA9003C2699 /* InfoPlist.strings */,
				1D6B50CE19B8AFA9003C2699 /* main.m */,
				1D6B50D019B8AFA9003C2699 /* BarcodeScannerTest-Prefix.pch */,
			);
			name = "Supporting Files";
			sourceTree = "<group>";
		};
		1D6B50E119B8AFA9003C2699 /* BarcodeScannerTestTests */ = {
			isa = PBXGroup;
			children = (
				1D6B50E719B8AFA9003C2699 /* BarcodeScannerTestTests.m */,
				1D6B50E219B8AFA9003C2699 /* Supporting Files */,
			);
			path = BarcodeScannerTestTests;
			sourceTree = "<group>";
		};
		1D6B50E219B8AFA9003C2699 /* Supporting Files */ = {
			isa = PBXGroup;
			children = (
				1D6B50E319B8AFA9003C2699 /* BarcodeScannerTestTests-Info.plist */,
				1D6B50E419B8AFA9003C2699 /* InfoPlist.strings */,
			);
			name = "Supporting Files";
			sourceTree = "<group>";
		};
/* End PBXGroup section */

/* Begin PBXNativeTarget section */
		1D6B50BE19B8AFA9003C2699 /* BarcodeScannerTest */ = {
			isa = PBXNativeTarget;
			buildConfigurationList = 1D6B50EB19B8AFA9003C2699 /* Build configuration list for PBXNativeTarget "BarcodeScannerTest" */;
			buildPhases = (
				1D6B50BB19B8AFA9003C2699 /* Sources */,
				1D6B50BC19B8AFA9003C2699 /* Frameworks */,
				1D6B50BD19B8AFA9003C2699 /* Resources */,
			);
			buildRules = (
			);
			dependencies = (
			);
			name = BarcodeScannerTest;
			productName = BarcodeScannerTest;
			productReference = 1D6B50BF19B8AFA9003C2699 /* BarcodeScannerTest.app */;
			productType = "com.apple.product-type.application";
		};
		1D6B50D919B8AFA9003C2699 /* BarcodeScannerTestTests */ = {
			isa = PBXNativeTarget;
			buildConfigurationList = 1D6B50EE19B8AFA9003C2699 /* Build configuration list for PBXNativeTarget "BarcodeScannerTestTests" */;
			buildPhases = (
				1D6B50D619B8AFA9003C2699 /* Sources */,
				1D6B50D719B8AFA9003C2699 /* Frameworks */,
				1D6B50D819B8AFA9003C2699 /* Resources */,
			);
			buildRules = (
			);
			dependencies = (
				1D6B50E019B8AFA9003C2699 /* PBXTargetDependency */,
			);
			name = BarcodeScannerTestTests;
			productName = BarcodeScannerTestTests;
			productReference = 1D6B50DA19B8AFA9003C2699 /* BarcodeScannerTestTests.xctest */;
			productType = "com.apple.product-type.bundle.unit-test";
		};
/* End PBXNativeTarget section */

/* Begin PBXProject section */
		1D6B50B719B8AFA9003C2699 /* Project object */ = {
			isa = PBXProject;
			attributes = {
				LastUpgradeCheck = 0510;
				ORGANIZATIONNAME = "William Chang";
				TargetAttributes = {
					1D6B50D919B8AFA9003C2699 = {
						TestTargetID = 1D6B50BE19B8AFA9003C2699;
					};
				};
			};
			buildConfigurationList = 1D6B50BA19B8AFA9003C2699 /* Build configuration list for PBXProject "BarcodeScannerTest" */;
			compatibilityVersion = "Xcode 3.2";
			developmentRegion = English;
			hasScannedForEncodings = 0;
			knownRegions = (
				en,
			);
			mainGroup = 1D6B50B619B8AFA9003C2699;
			productRefGroup = 1D6B50C019B8AFA9003C2699 /* Products */;
			projectDirPath = "";
			projectRoot = "";
			targets = (
				1D6B50BE19B8AFA9003C2699 /* BarcodeScannerTest */,
				1D6B50D919B8AFA9003C2699 /* BarcodeScannerTestTests */,
			);
		};
/* End PBXProject section */

/* Begin PBXResourcesBuildPhase section */
		1D6B50BD19B8AFA9003C2699 /* Resources */ = {
			isa = PBXResourcesBuildPhase;
			buildActionMask = 2147483647;
			files = (
				1D6B50CD19B8AFA9003C2699 /* InfoPlist.strings in Resources */,
				1D6B50D519B8AFA9003C2699 /* Images.xcassets in Resources */,
			);
			runOnlyForDeploymentPostprocessing = 0;
		};
		1D6B50D819B8AFA9003C2699 /* Resources */ = {
			isa = PBXResourcesBuildPhase;
			buildActionMask = 2147483647;
			files = (
				1D6B50E619B8AFA9003C2699 /* InfoPlist.strings in Resources */,
			);
			runOnlyForDeploymentPostprocessing = 0;
		};
/* End PBXResourcesBuildPhase section */

/* Begin PBXSourcesBuildPhase section */
		1D6B50BB19B8AFA9003C2699 /* Sources */ = {
			isa = PBXSourcesBuildPhase;
			buildActionMask = 2147483647;
			files = (
				1D6B50D319B8AFA9003C2699 /* AppDelegate.m in Sources */,
				1D6B50CF19B8AFA9003C2699 /* main.m in Sources */,
				1D6B50F319B8AFB5003C2699 /* RootViewController.m in Sources */,
			);
			runOnlyForDeploymentPostprocessing = 0;
		};
		1D6B50D619B8AFA9003C2699 /* Sources */ = {
			isa = PBXSourcesBuildPhase;
			buildActionMask = 2147483647;
			files = (
				1D6B50E819B8AFA9003C2699 /* BarcodeScannerTestTests.m in Sources */,
			);
			runOnlyForDeploymentPostprocessing = 0;
		};
/* End PBXSourcesBuildPhase section */

/* Begin PBXTargetDependency section */
		1D6B50E019B8AFA9003C2699 /* PBXTargetDependency */ = {
			isa = PBXTargetDependency;
			target = 1D6B50BE19B8AFA9003C2699 /* BarcodeScannerTest */;
			targetProxy = 1D6B50DF19B8AFA9003C2699 /* PBXContainerItemProxy */;
		};
/* End PBXTargetDependency section */

/* Begin PBXVariantGroup section */
		1D6B50CB19B8AFA9003C2699 /* InfoPlist.strings */ = {
			isa = PBXVariantGroup;
			children = (
				1D6B50CC19B8AFA9003C2699 /* en */,
			);
			name = InfoPlist.strings;
			sourceTree = "<group>";
		};
		1D6B50E419B8AFA9003C2699 /* InfoPlist.strings */ = {
			isa = PBXVariantGroup;
			children = (
				1D6B50E519B8AFA9003C2699 /* en */,
			);
			name = InfoPlist.strings;
			sourceTree = "<group>";
		};
/* End PBXVariantGroup section */

/* Begin XCBuildConfiguration section */
		1D6B50E919B8AFA9003C2699 /* Debug */ = {
			isa = XCBuildConfiguration;
			buildSettings = {
				ALWAYS_SEARCH_USER_PATHS = NO;
				CLANG_CXX_LANGUAGE_STANDARD = "gnu++0x";
				CLANG_CXX_LIBRARY = "libc++";
				CLANG_ENABLE_MODULES = YES;
				CLANG_ENABLE_OBJC_ARC = YES;
				CLANG_WARN_BOOL_CONVERSION = YES;
				CLANG_WARN_CONSTANT_CONVERSION = YES;
				CLANG_WARN_DIRECT_OBJC_ISA_USAGE = YES_ERROR;
				CLANG_WARN_EMPTY_BODY = YES;
				CLANG_WARN_ENUM_CONVERSION = YES;
				CLANG_WARN_INT_CONVERSION = YES;
				CLANG_WARN_OBJC_ROOT_CLASS = YES_ERROR;
				CLANG_WARN__DUPLICATE_METHOD_MATCH = YES;
				"CODE_SIGN_IDENTITY[sdk=iphoneos*]" = "iPhone Developer";
				COPY_PHASE_STRIP = NO;
				GCC_C_LANGUAGE_STANDARD = gnu99;
				GCC_DYNAMIC_NO_PIC = NO;
				GCC_OPTIMIZATION_LEVEL = 0;
				GCC_PREPROCESSOR_DEFINITIONS = (
					"DEBUG=1",
					"$(inherited)",
				);
				GCC_SYMBOLS_PRIVATE_EXTERN = NO;
				GCC_WARN_64_TO_32_BIT_CONVERSION = YES;
				GCC_WARN_ABOUT_RETURN_TYPE = YES_ERROR;
				GCC_WARN_UNDECLARED_SELECTOR = YES;
				GCC_WARN_UNINITIALIZED_AUTOS = YES_AGGRESSIVE;
				GCC_WARN_UNUSED_FUNCTION = YES;
				GCC_WARN_UNUSED_VARIABLE = YES;
				IPHONEOS_DEPLOYMENT_TARGET = 7.1;
				ONLY_ACTIVE_ARCH = YES;
				SDKROOT = iphoneos;
				TARGETED_DEVICE_FAMILY = "1,2";
			};
			name = Debug;
		};
		1D6B50EA19B8AFA9003C2699 /* Release */ = {
			isa = XCBuildConfiguration;
			buildSettings = {
				ALWAYS_SEARCH_USER_PATHS = NO;
				CLANG_CXX_LANGUAGE_STANDARD = "gnu++0x";
				CLANG_CXX_LIBRARY = "libc++";
				CLANG_ENABLE_MODULES = YES;
				CLANG_ENABLE_OBJC_ARC = YES;
				CLANG_WARN_BOOL_CONVERSION = YES;
				CLANG_WARN_CONSTANT_CONVERSION = YES;
				CLANG_WARN_DIRECT_OBJC_ISA_USAGE = YES_ERROR;
				CLANG_WARN_EMPTY_BODY = YES;
				CLANG_WARN_ENUM_CONVERSION = YES;
				CLANG_WARN_INT_CONVERSION = YES;
				CLANG_WARN_OBJC_ROOT_CLASS = YES_ERROR;
				CLANG_WARN__DUPLICATE_METHOD_MATCH = YES;
				"CODE_SIGN_IDENTITY[sdk=iphoneos*]" = "iPhone Developer";
				COPY_PHASE_STRIP = YES;
				ENABLE_NS_ASSERTIONS = NO;
				GCC_C_LANGUAGE_STANDARD = gnu99;
				GCC_WARN_64_TO_32_BIT_CONVERSION = YES;
				GCC_WARN_ABOUT_RETURN_TYPE = YES_ERROR;
				GCC_WARN_UNDECLARED_SELECTOR = YES;
				GCC_WARN_UNINITIALIZED_AUTOS = YES_AGGRESSIVE;
				GCC_WARN_UNUSED_FUNCTION = YES;
				GCC_WARN_UNUSED_VARIABLE = YES;
				IPHONEOS_DEPLOYMENT_TARGET = 7.1;
				SDKROOT = iphoneos;
				TARGETED_DEVICE_FAMILY = "1,2";
				VALIDATE_PRODUCT = YES;
			};
			name = Release;
		};
		1D6B50EC19B8AFA9003C2699 /* Debug */ = {
			isa = XCBuildConfiguration;
			buildSettings = {
				ASSETCATALOG_COMPILER_APPICON_NAME = AppIcon;
				ASSETCATALOG_COMPILER_LAUNCHIMAGE_NAME = LaunchImage;
				CODE_SIGN_IDENTITY = "iPhone Developer: William Chang (NX2VTUWUY7)";
				"CODE_SIGN_IDENTITY[sdk=iphoneos*]" = "iPhone Developer: William Chang (NX2VTUWUY7)";
				GCC_PRECOMPILE_PREFIX_HEADER = YES;
				GCC_PREFIX_HEADER = "BarcodeScannerTest/BarcodeScannerTest-Prefix.pch";
				INFOPLIST_FILE = "BarcodeScannerTest/BarcodeScannerTest-Info.plist";
				IPHONEOS_DEPLOYMENT_TARGET = 7.0;
				PRODUCT_NAME = "$(TARGET_NAME)";
				PROVISIONING_PROFILE = "A32D2CA3-74F8-4208-B77D-AA63056AC0B8";
				WRAPPER_EXTENSION = app;
			};
			name = Debug;
		};
		1D6B50ED19B8AFA9003C2699 /* Release */ = {
			isa = XCBuildConfiguration;
			buildSettings = {
				ASSETCATALOG_COMPILER_APPICON_NAME = AppIcon;
				ASSETCATALOG_COMPILER_LAUNCHIMAGE_NAME = LaunchImage;
				GCC_PRECOMPILE_PREFIX_HEADER = YES;
				GCC_PREFIX_HEADER = "BarcodeScannerTest/BarcodeScannerTest-Prefix.pch";
				INFOPLIST_FILE = "BarcodeScannerTest/BarcodeScannerTest-Info.plist";
				IPHONEOS_DEPLOYMENT_TARGET = 7.0;
				PRODUCT_NAME = "$(TARGET_NAME)";
				PROVISIONING_PROFILE = "A32D2CA3-74F8-4208-B77D-AA63056AC0B8";
				WRAPPER_EXTENSION = app;
			};
			name = Release;
		};
		1D6B50EF19B8AFA9003C2699 /* Debug */ = {
			isa = XCBuildConfiguration;
			buildSettings = {
				BUNDLE_LOADER = "$(BUILT_PRODUCTS_DIR)/BarcodeScannerTest.app/BarcodeScannerTest";
				FRAMEWORK_SEARCH_PATHS = (
					"$(SDKROOT)/Developer/Library/Frameworks",
					"$(inherited)",
					"$(DEVELOPER_FRAMEWORKS_DIR)",
				);
				GCC_PRECOMPILE_PREFIX_HEADER = YES;
				GCC_PREFIX_HEADER = "BarcodeScannerTest/BarcodeScannerTest-Prefix.pch";
				GCC_PREPROCESSOR_DEFINITIONS = (
					"DEBUG=1",
					"$(inherited)",
				);
				INFOPLIST_FILE = "BarcodeScannerTestTests/BarcodeScannerTestTests-Info.plist";
				PRODUCT_NAME = "$(TARGET_NAME)";
				TEST_HOST = "$(BUNDLE_LOADER)";
				WRAPPER_EXTENSION = xctest;
			};
			name = Debug;
		};
		1D6B50F019B8AFA9003C2699 /* Release */ = {
			isa = XCBuildConfiguration;
			buildSettings = {
				BUNDLE_LOADER = "$(BUILT_PRODUCTS_DIR)/BarcodeScannerTest.app/BarcodeScannerTest";
				FRAMEWORK_SEARCH_PATHS = (
					"$(SDKROOT)/Developer/Library/Frameworks",
					"$(inherited)",
					"$(DEVELOPER_FRAMEWORKS_DIR)",
				);
				GCC_PRECOMPILE_PREFIX_HEADER = YES;
				GCC_PREFIX_HEADER = "BarcodeScannerTest/BarcodeScannerTest-Prefix.pch";
				INFOPLIST_FILE = "BarcodeScannerTestTests/BarcodeScannerTestTests-Info.plist";
				PRODUCT_NAME = "$(TARGET_NAME)";
				TEST_HOST = "$(BUNDLE_LOADER)";
				WRAPPER_EXTENSION = xctest;
			};
			name = Release;
		};
/* End XCBuildConfiguration section */

/* Begin XCConfigurationList section */
		1D6B50BA19B8AFA9003C2699 /* Build configuration list for PBXProject "BarcodeScannerTest" */ = {
			isa = XCConfigurationList;
			buildConfigurations = (
				1D6B50E919B8AFA9003C2699 /* Debug */,
				1D6B50EA19B8AFA9003C2699 /* Release */,
			);
			defaultConfigurationIsVisible = 0;
			defaultConfigurationName = Release;
		};
		1D6B50EB19B8AFA9003C2699 /* Build configuration list for PBXNativeTarget "BarcodeScannerTest" */ = {
			isa = XCConfigurationList;
			buildConfigurations = (
				1D6B50EC19B8AFA9003C2699 /* Debug */,
				1D6B50ED19B8AFA9003C2699 /* Release */,
			);
			defaultConfigurationIsVisible = 0;
		};
		1D6B50EE19B8AFA9003C2699 /* Build configuration list for PBXNativeTarget "BarcodeScannerTestTests" */ = {
			isa = XCConfigurationList;
			buildConfigurations = (
				1D6B50EF19B8AFA9003C2699 /* Debug */,
				1D6B50F019B8AFA9003C2699 /* Release */,
			);
			defaultConfigurationIsVisible = 0;
		};
/* End XCConfigurationList section */
	};
	rootObject = 1D6B50B719B8AFA9003C2699 /* Project object */;
}
